<?xml version="1.0" encoding="utf-8"?>
<Project ToolsVersion="4.0" xmlns="http://schemas.microsoft.com/developer/msbuild/2003">
  <ItemGroup>
    <Filter Include="Quelldateien">
      <UniqueIdentifier>{4FC737F1-C7A5-4376-A066-2A32D752A2FF}</UniqueIdentifier>
      <Extensions>cpp;c;cc;cxx;c++;cppm;ixx;def;odl;idl;hpj;bat;asm;asmx</Extensions>
    </Filter>
    <Filter Include="Headerdateien">
      <UniqueIdentifier>{93995380-89BD-4b04-88EB-625FBE52EBFB}</UniqueIdentifier>
      <Extensions>h;hh;hpp;hxx;h++;hm;inl;inc;ipp;xsd</Extensions>
    </Filter>
    <Filter Include="Ressourcendateien">
      <UniqueIdentifier>{67DA6AB6-F800-4c08-8B7A-83BB121AAD01}</UniqueIdentifier>
      <Extensions>rc;ico;cur;bmp;dlg;rc2;rct;bin;rgs;gif;jpg;jpeg;jpe;resx;tiff;tif;png;wav;mfcribbon-ms</Extensions>
    </Filter>
  </ItemGroup>
  <ItemGroup>
    <ClInclude Include="Server.h">
      <Filter>Headerdateien</Filter>
    </ClInclude>
    <ClInclude Include="Game.h">
      <Filter>Headerdateien</Filter>
    </ClInclude>
    <ClInclude Include="IPlayer.h">
      <Filter>Headerdateien</Filter>
    </ClInclude>
    <ClInclude Include="Field.h">
      <Filter>Headerdateien</Filter>
    </ClInclude>
    <ClInclude Include="Point.h">
      <Filter>Headerdateien</Filter>
    </ClInclude>
    <ClInclude Include="Connection.h">
      <Filter>Headerdateien</Filter>
    </ClInclude>
    <ClInclude Include="Shell.h">
      <Filter>Headerdateien</Filter>
    </ClInclude>
    <ClInclude Include="Stone.h">
      <Filter>Headerdateien</Filter>
    </ClInclude>
    <ClInclude Include="Algorithm_Player.h">
      <Filter>Headerdateien</Filter>
    </ClInclude>
    <ClInclude Include="Algorithm_Options.h">
      <Filter>Headerdateien</Filter>
    </ClInclude>
    <ClInclude Include="StoneDistribution.h">
      <Filter>Headerdateien</Filter>
    </ClInclude>
    <ClInclude Include="MoveAction.h">
      <Filter>Headerdateien</Filter>
    </ClInclude>
    <ClInclude Include="Stringified_Field.h">
      <Filter>Headerdateien</Filter>
    </ClInclude>
  </ItemGroup>
  <ItemGroup>
    <ClCompile Include="main.cpp">
      <Filter>Quelldateien</Filter>
    </ClCompile>
    <ClCompile Include="Server.cpp">
      <Filter>Quelldateien</Filter>
    </ClCompile>
    <ClCompile Include="Game.cpp">
      <Filter>Quelldateien</Filter>
    </ClCompile>
    <ClCompile Include="IPlayer.cpp">
      <Filter>Quelldateien</Filter>
    </ClCompile>
    <ClCompile Include="Field.cpp">
      <Filter>Quelldateien</Filter>
    </ClCompile>
    <ClCompile Include="Point.cpp">
      <Filter>Quelldateien</Filter>
    </ClCompile>
    <ClCompile Include="Connection.cpp">
      <Filter>Quelldateien</Filter>
    </ClCompile>
    <ClCompile Include="Shell.cpp">
      <Filter>Quelldateien</Filter>
    </ClCompile>
    <ClCompile Include="Stone.cpp">
      <Filter>Quelldateien</Filter>
    </ClCompile>
    <ClCompile Include="Action.h">
      <Filter>Headerdateien</Filter>
    </ClCompile>
    <ClCompile Include="Algorithm_Player.cpp">
      <Filter>Quelldateien</Filter>
    </ClCompile>
    <ClCompile Include="Algorithm_Options.cpp">
      <Filter>Quelldateien</Filter>
    </ClCompile>
    <ClCompile Include="StoneDistribution.cpp">
      <Filter>Quelldateien</Filter>
    </ClCompile>
    <ClCompile Include="MoveAction.cpp">
      <Filter>Quelldateien</Filter>
    </ClCompile>
    <ClCompile Include="Stringified_Field.cpp">
      <Filter>Quelldateien</Filter>
    </ClCompile>
  </ItemGroup>
</Project>